
Microsoft Visual Studio Solution File, Format Version 12.00
# Visual Studio Version 17
VisualStudioVersion = 17.8.34330.188
MinimumVisualStudioVersion = 10.0.40219.1
Project("{FAE04EC0-301F-11D3-BF4B-00C04F79EFBC}") = "HW13-1", "HW13-1\HW13-1.csproj", "{EC5FE7B0-3585-4485-8F0D-8E1411D0DA9A}"
EndProject
Global
	GlobalSection(SolutionConfigurationPlatforms) = preSolution
		Debug|Any CPU = Debug|Any CPU
		Release|Any CPU = Release|Any CPU
	EndGlobalSection
	GlobalSection(ProjectConfigurationPlatforms) = postSolution
		{EC5FE7B0-3585-4485-8F0D-8E1411D0DA9A}.Debug|Any CPU.ActiveCfg = Debug|Any CPU
		{EC5FE7B0-3585-4485-8F0D-8E1411D0DA9A}.Debug|Any CPU.Build.0 = Debug|Any CPU
		{EC5FE7B0-3585-4485-8F0D-8E1411D0DA9A}.Release|Any CPU.ActiveCfg = Release|Any CPU
		{EC5FE7B0-3585-4485-8F0D-8E1411D0DA9A}.Release|Any CPU.Build.0 = Release|Any CPU
	EndGlobalSection
	GlobalSection(SolutionProperties) = preSolution
		HideSolutionNode = FALSE
	EndGlobalSection
	GlobalSection(ExtensibilityGlobals) = postSolution
		SolutionGuid = {DB1B7C6F-ECA5-4F20-8DE7-DB38F0FBD6B1}
	EndGlobalSection
EndGlobal
